
Microsoft Visual Studio Solution File, Format Version 12.00
# Visual Studio Version 16
VisualStudioVersion = 16.0.32413.511
MinimumVisualStudioVersion = 10.0.40219.1
Project("{D2ABAB84-BF74-430A-B69E-9DC6D40DDA17}") = "Final_RoadCrash", "Final_RoadCrash.dwproj", "{51D83028-D95F-4026-9091-10638BFA7E10}"
EndProject
Global
	GlobalSection(SolutionConfigurationPlatforms) = preSolution
		Development|Default = Development|Default
	EndGlobalSection
	GlobalSection(ProjectConfigurationPlatforms) = postSolution
		{51D83028-D95F-4026-9091-10638BFA7E10}.Development|Default.ActiveCfg = Development
		{51D83028-D95F-4026-9091-10638BFA7E10}.Development|Default.Build.0 = Development
		{51D83028-D95F-4026-9091-10638BFA7E10}.Development|Default.Deploy.0 = Development
	EndGlobalSection
	GlobalSection(SolutionProperties) = preSolution
		HideSolutionNode = FALSE
	EndGlobalSection
	GlobalSection(ExtensibilityGlobals) = postSolution
		SolutionGuid = {CE30BE79-52F9-4958-A9AF-6D18B9E85A92}
	EndGlobalSection
EndGlobal
